{
    "_readme": [
        "This file locks the dependencies of your project to a known state",
        "Read more about it at http://getcomposer.org/doc/01-basic-usage.md#composer-lock-the-lock-file"
    ],
    "hash": "be544790e688d25e6c68aa87ffd33674",
    "packages": [
        {
            "name": "evenement/evenement",
            "version": "v1.0.0",
            "source": {
                "type": "git",
                "url": "https://github.com/igorw/evenement.git",
                "reference": "fa966683e7df3e5dd5929d984a44abfbd6bafe8d"
            },
            "dist": {
                "type": "zip",
                "url": "https://api.github.com/repos/igorw/evenement/zipball/fa966683e7df3e5dd5929d984a44abfbd6bafe8d",
                "reference": "fa966683e7df3e5dd5929d984a44abfbd6bafe8d",
                "shasum": ""
            },
            "require": {
                "php": ">=5.3.0"
            },
            "type": "library",
            "autoload": {
                "psr-0": {
                    "Evenement": "src"
                }
            },
            "notification-url": "https://packagist.org/downloads/",
            "license": [
                "MIT"
            ],
            "authors": [
                {
                    "name": "Igor Wiedler",
                    "email": "igor@wiedler.ch",
                    "homepage": "http://wiedler.ch/igor/"
                }
            ],
            "description": "Événement is a very simple event dispatching library for PHP 5.3",
            "keywords": [
                "event-dispatcher"
            ],
            "time": "2012-05-30 15:01:08"
        },
        {
            "name": "guzzle/parser",
            "version": "v2.8.8",
            "target-dir": "Guzzle/Parser",
            "source": {
                "type": "git",
                "url": "https://github.com/guzzle/parser.git",
                "reference": "8f5152833af2d9505bcefb0a10c4b6987aa9a6b1"
            },
            "dist": {
                "type": "zip",
                "url": "https://api.github.com/repos/guzzle/parser/zipball/8f5152833af2d9505bcefb0a10c4b6987aa9a6b1",
                "reference": "8f5152833af2d9505bcefb0a10c4b6987aa9a6b1",
                "shasum": ""
            },
            "require": {
                "php": ">=5.3.2"
            },
            "type": "library",
            "autoload": {
                "psr-0": {
                    "Guzzle\\Parser": ""
                }
            },
            "notification-url": "https://packagist.org/downloads/",
            "license": [
                "MIT"
            ],
            "description": "Interchangeable parsers used by Guzzle",
            "homepage": "http://guzzlephp.org/",
            "keywords": [
                "URI Template",
                "cookie",
                "http",
                "message",
                "url"
            ],
            "time": "2012-09-20 20:28:06"
        },
        {
            "name": "react/cache",
            "version": "v0.3.2",
            "target-dir": "React/Cache",
            "source": {
                "type": "git",
                "url": "https://github.com/reactphp/cache.git",
                "reference": "a821f4318e38fc7efd02d81698fcee9d3d34dafe"
            },
            "dist": {
                "type": "zip",
                "url": "https://api.github.com/repos/reactphp/cache/zipball/a821f4318e38fc7efd02d81698fcee9d3d34dafe",
                "reference": "a821f4318e38fc7efd02d81698fcee9d3d34dafe",
                "shasum": ""
            },
            "require": {
                "php": ">=5.3.2",
                "react/promise": "~1.0"
            },
            "type": "library",
            "extra": {
                "branch-alias": {
                    "dev-master": "0.3-dev"
                }
            },
            "autoload": {
                "psr-0": {
                    "React\\Cache": ""
                }
            },
            "notification-url": "https://packagist.org/downloads/",
            "license": [
                "MIT"
            ],
            "description": "Async caching.",
            "keywords": [
                "cache"
            ],
            "time": "2013-04-24 08:33:43"
        },
        {
            "name": "react/dns",
            "version": "v0.3.2",
            "target-dir": "React/Dns",
            "source": {
                "type": "git",
                "url": "https://github.com/reactphp/dns.git",
                "reference": "c8c9c57750cb24e8f7b87bc62fee10750f1f9fbf"
            },
            "dist": {
                "type": "zip",
                "url": "https://api.github.com/repos/reactphp/dns/zipball/c8c9c57750cb24e8f7b87bc62fee10750f1f9fbf",
                "reference": "c8c9c57750cb24e8f7b87bc62fee10750f1f9fbf",
                "shasum": ""
            },
            "require": {
                "php": ">=5.3.2",
                "react/cache": "0.3.*",
                "react/promise": "~1.0",
                "react/socket": "0.3.*"
            },
            "type": "library",
            "extra": {
                "branch-alias": {
                    "dev-master": "0.3-dev"
                }
            },
            "autoload": {
                "psr-0": {
                    "React\\Dns": ""
                }
            },
            "notification-url": "https://packagist.org/downloads/",
            "license": [
                "MIT"
            ],
            "description": "Async DNS resolver.",
            "keywords": [
                "dns",
                "dns-resolver"
            ],
            "time": "2013-04-27 08:57:30"
        },
        {
            "name": "react/event-loop",
            "version": "v0.3.3",
            "target-dir": "React/EventLoop",
            "source": {
                "type": "git",
                "url": "https://github.com/reactphp/event-loop.git",
                "reference": "49208fa3a15c9eae4adf8351ee9caa4064fe550d"
            },
            "dist": {
                "type": "zip",
                "url": "https://api.github.com/repos/reactphp/event-loop/zipball/49208fa3a15c9eae4adf8351ee9caa4064fe550d",
                "reference": "49208fa3a15c9eae4adf8351ee9caa4064fe550d",
                "shasum": ""
            },
            "require": {
                "php": ">=5.3.3"
            },
            "suggest": {
                "ext-libev": "*",
                "ext-libevent": ">=0.0.5"
            },
            "type": "library",
            "extra": {
                "branch-alias": {
                    "dev-master": "0.3-dev"
                }
            },
            "autoload": {
                "psr-0": {
                    "React\\EventLoop": ""
                }
            },
            "notification-url": "https://packagist.org/downloads/",
            "license": [
                "MIT"
            ],
            "description": "Event loop abstraction layer that libraries can use for evented I/O.",
            "keywords": [
                "event-loop"
            ],
            "time": "2013-07-08 22:38:22"
        },
        {
            "name": "react/http-client",
            "version": "v0.3.2",
            "target-dir": "React/HttpClient",
            "source": {
                "type": "git",
                "url": "https://github.com/reactphp/http-client.git",
                "reference": "b96aa5dfa23c83e669de8d4acb717b03ae70c088"
            },
            "dist": {
                "type": "zip",
                "url": "https://api.github.com/repos/reactphp/http-client/zipball/b96aa5dfa23c83e669de8d4acb717b03ae70c088",
                "reference": "b96aa5dfa23c83e669de8d4acb717b03ae70c088",
                "shasum": ""
            },
            "require": {
                "guzzle/parser": "2.8.*",
                "php": ">=5.3.3",
                "react/dns": "0.3.*",
                "react/socket-client": "0.3.*"
            },
            "type": "library",
            "extra": {
                "branch-alias": {
                    "dev-master": "0.3-dev"
                }
            },
            "autoload": {
                "psr-0": {
                    "React\\HttpClient": ""
                }
            },
            "notification-url": "https://packagist.org/downloads/",
            "license": [
                "MIT"
            ],
            "description": "Asynchronous HTTP client library.",
            "keywords": [
                "http"
            ],
            "time": "2013-04-21 12:54:33"
        },
        {
            "name": "react/promise",
            "version": "v1.0.4",
            "source": {
                "type": "git",
                "url": "https://github.com/reactphp/promise.git",
                "reference": "d6de8cae1dbb4878d909c41cb89aff764504472c"
            },
            "dist": {
                "type": "zip",
                "url": "https://api.github.com/repos/reactphp/promise/zipball/d6de8cae1dbb4878d909c41cb89aff764504472c",
                "reference": "d6de8cae1dbb4878d909c41cb89aff764504472c",
                "shasum": ""
            },
            "require": {
                "php": ">=5.3.3"
            },
            "type": "library",
            "extra": {
                "branch-alias": {
                    "dev-master": "1.0-dev"
                }
            },
            "autoload": {
                "psr-0": {
                    "React\\Promise": "src/"
                }
            },
            "notification-url": "https://packagist.org/downloads/",
            "license": [
                "MIT"
            ],
            "authors": [
                {
                    "name": "Jan Sorgalla",
                    "email": "jsorgalla@googlemail.com",
                    "homepage": "http://sorgalla.com",
                    "role": "maintainer"
                }
            ],
            "description": "A lightweight implementation of CommonJS Promises/A for PHP",
            "time": "2013-04-03 14:05:55"
        },
        {
            "name": "react/socket",
            "version": "v0.3.2",
            "target-dir": "React/Socket",
            "source": {
                "type": "git",
                "url": "https://github.com/reactphp/socket.git",
                "reference": "9cc32838d25a934ce950d2662cce2ff1b9e9f8aa"
            },
            "dist": {
                "type": "zip",
                "url": "https://api.github.com/repos/reactphp/socket/zipball/9cc32838d25a934ce950d2662cce2ff1b9e9f8aa",
                "reference": "9cc32838d25a934ce950d2662cce2ff1b9e9f8aa",
                "shasum": ""
            },
            "require": {
                "evenement/evenement": "1.0.*",
                "php": ">=5.3.3",
                "react/event-loop": "0.3.*",
                "react/stream": "0.3.*"
            },
            "type": "library",
            "extra": {
                "branch-alias": {
                    "dev-master": "0.3-dev"
                }
            },
            "autoload": {
                "psr-0": {
                    "React\\Socket": ""
                }
            },
            "notification-url": "https://packagist.org/downloads/",
            "license": [
                "MIT"
            ],
            "description": "Library for building an evented socket server.",
            "keywords": [
                "Socket"
            ],
            "time": "2013-04-26 20:23:10"
        },
        {
            "name": "react/socket-client",
            "version": "v0.3.2",
            "target-dir": "React/SocketClient",
            "source": {
                "type": "git",
                "url": "https://github.com/reactphp/socket-client.git",
                "reference": "0696ede9876749dc49670f282aab9f6c8549275b"
            },
            "dist": {
                "type": "zip",
                "url": "https://api.github.com/repos/reactphp/socket-client/zipball/0696ede9876749dc49670f282aab9f6c8549275b",
                "reference": "0696ede9876749dc49670f282aab9f6c8549275b",
                "shasum": ""
            },
            "require": {
                "php": ">=5.3.3",
                "react/dns": "0.3.*",
                "react/event-loop": "0.3.*",
                "react/promise": "~1.0"
            },
            "type": "library",
            "extra": {
                "branch-alias": {
                    "dev-master": "0.3-dev"
                }
            },
            "autoload": {
                "psr-0": {
                    "React\\SocketClient": ""
                }
            },
            "notification-url": "https://packagist.org/downloads/",
            "license": [
                "MIT"
            ],
            "description": "Async connector to open TCP/IP and SSL/TLS based connections.",
            "keywords": [
                "Socket"
            ],
            "time": "2013-04-20 14:55:59"
        },
        {
            "name": "react/stream",
            "version": "v0.3.3",
            "target-dir": "React/Stream",
            "source": {
                "type": "git",
                "url": "https://github.com/reactphp/stream.git",
                "reference": "b72900ab00513b591fb101faecad38f9c8eab8da"
            },
            "dist": {
                "type": "zip",
                "url": "https://api.github.com/repos/reactphp/stream/zipball/b72900ab00513b591fb101faecad38f9c8eab8da",
                "reference": "b72900ab00513b591fb101faecad38f9c8eab8da",
                "shasum": ""
            },
            "require": {
                "evenement/evenement": "1.0.*",
                "php": ">=5.3.3"
            },
            "suggest": {
                "react/event-loop": "0.3.*",
                "react/promise": "~1.0"
            },
            "type": "library",
            "extra": {
                "branch-alias": {
                    "dev-master": "0.3-dev"
                }
            },
            "autoload": {
                "psr-0": {
                    "React\\Stream": ""
                }
            },
            "notification-url": "https://packagist.org/downloads/",
            "license": [
                "MIT"
            ],
            "description": "Basic readable and writable stream interfaces that support piping.",
            "keywords": [
                "pipe",
                "stream"
            ],
            "time": "2013-07-09 00:44:12"
        }
    ],
    "packages-dev": [

    ],
    "aliases": [

    ],
    "minimum-stability": "stable",
    "stability-flags": [

    ],
    "platform": [

    ],
    "platform-dev": [

    ]
}
