{
    "_readme": [
        "This file locks the dependencies of your project to a known state",
        "Read more about it at http://getcomposer.org/doc/01-basic-usage.md#composer-lock-the-lock-file",
        "This file is @generated automatically"
    ],
    "hash": "050746f929b309b84ed1fc232bf95b84",
    "packages": [
        {
            "name": "clue/buzz-react",
            "version": "v0.1.2",
            "source": {
                "type": "git",
                "url": "https://github.com/clue/php-buzz-react.git",
                "reference": "f0ea7c2d51e61965979eba1bbf566392420c66a4"
            },
            "dist": {
                "type": "zip",
                "url": "https://api.github.com/repos/clue/php-buzz-react/zipball/f0ea7c2d51e61965979eba1bbf566392420c66a4",
                "reference": "f0ea7c2d51e61965979eba1bbf566392420c66a4",
                "shasum": ""
            },
            "require": {
                "php": ">=5.3",
                "react/dns": "0.3.*|0.4.*",
                "react/event-loop": "0.3.*|0.4.*",
                "react/http-client": "0.3.*|0.4.*",
                "react/promise": "1.*|2.*",
                "react/socket-client": "0.3.*|0.4.*"
            },
            "type": "library",
            "autoload": {
                "psr-4": {
                    "Clue\\React\\Buzz\\": "src/"
                }
            },
            "notification-url": "https://packagist.org/downloads/",
            "license": [
                "MIT"
            ],
            "authors": [
                {
                    "name": "Christian Lück",
                    "email": "christian@lueck.tv"
                }
            ],
            "description": "Simple async HTTP client for fetching URLs, talking to RESTful APIs, downloading, following redirects etc.",
            "homepage": "https://github.com/clue/php-buzz-react",
            "keywords": [
                "HTTP requests",
                "async",
                "http client",
                "reactphp"
            ],
            "time": "2014-10-28 14:16:45"
        },
        {
            "name": "clue/socks-react",
            "version": "v0.2.0",
            "source": {
                "type": "git",
                "url": "https://github.com/clue/php-socks-react.git",
                "reference": "14a98b639a9f9ff45e7dda4ed4ee995ff6c46dcd"
            },
            "dist": {
                "type": "zip",
                "url": "https://api.github.com/repos/clue/php-socks-react/zipball/14a98b639a9f9ff45e7dda4ed4ee995ff6c46dcd",
                "reference": "14a98b639a9f9ff45e7dda4ed4ee995ff6c46dcd",
                "shasum": ""
            },
            "require": {
                "evenement/evenement": "~1.0",
                "php": ">=5.3",
                "react/dns": "0.3.*",
                "react/event-loop": "0.3.*",
                "react/promise": "~1.0",
                "react/socket": "0.3.*",
                "react/socket-client": "0.3.*",
                "react/stream": "0.3.*"
            },
            "type": "library",
            "autoload": {
                "psr-4": {
                    "Clue\\React\\Socks\\": "src"
                }
            },
            "notification-url": "https://packagist.org/downloads/",
            "license": [
                "MIT"
            ],
            "authors": [
                {
                    "name": "Christian Lück",
                    "email": "christian@lueck.tv"
                }
            ],
            "description": "Async SOCKS proxy client and server (SOCKS4, SOCKS4a and SOCKS5)",
            "homepage": "https://github.com/clue/php-socks-react",
            "keywords": [
                "async",
                "react",
                "socks client",
                "socks protocol",
                "socks server",
                "tcp tunnel"
            ],
            "time": "2014-09-27 15:32:30"
        },
        {
            "name": "evenement/evenement",
            "version": "v1.0.0",
            "source": {
                "type": "git",
                "url": "https://github.com/igorw/evenement.git",
                "reference": "fa966683e7df3e5dd5929d984a44abfbd6bafe8d"
            },
            "dist": {
                "type": "zip",
                "url": "https://api.github.com/repos/igorw/evenement/zipball/fa966683e7df3e5dd5929d984a44abfbd6bafe8d",
                "reference": "fa966683e7df3e5dd5929d984a44abfbd6bafe8d",
                "shasum": ""
            },
            "require": {
                "php": ">=5.3.0"
            },
            "type": "library",
            "autoload": {
                "psr-0": {
                    "Evenement": "src"
                }
            },
            "notification-url": "https://packagist.org/downloads/",
            "license": [
                "MIT"
            ],
            "authors": [
                {
                    "name": "Igor Wiedler",
                    "email": "igor@wiedler.ch",
                    "homepage": "http://wiedler.ch/igor/"
                }
            ],
            "description": "Événement is a very simple event dispatching library for PHP 5.3",
            "keywords": [
                "event-dispatcher"
            ],
            "time": "2012-05-30 15:01:08"
        },
        {
            "name": "guzzle/parser",
            "version": "v2.8.8",
            "target-dir": "Guzzle/Parser",
            "source": {
                "type": "git",
                "url": "https://github.com/guzzle/parser.git",
                "reference": "8f5152833af2d9505bcefb0a10c4b6987aa9a6b1"
            },
            "dist": {
                "type": "zip",
                "url": "https://api.github.com/repos/guzzle/parser/zipball/8f5152833af2d9505bcefb0a10c4b6987aa9a6b1",
                "reference": "8f5152833af2d9505bcefb0a10c4b6987aa9a6b1",
                "shasum": ""
            },
            "require": {
                "php": ">=5.3.2"
            },
            "type": "library",
            "autoload": {
                "psr-0": {
                    "Guzzle\\Parser": ""
                }
            },
            "notification-url": "https://packagist.org/downloads/",
            "license": [
                "MIT"
            ],
            "description": "Interchangeable parsers used by Guzzle",
            "homepage": "http://guzzlephp.org/",
            "keywords": [
                "URI Template",
                "cookie",
                "http",
                "message",
                "url"
            ],
            "time": "2012-09-20 20:28:06"
        },
        {
            "name": "react/cache",
            "version": "v0.3.2",
            "target-dir": "React/Cache",
            "source": {
                "type": "git",
                "url": "https://github.com/reactphp/cache.git",
                "reference": "437357102effb562b44dbc0ac4eb2c209c4f572b"
            },
            "dist": {
                "type": "zip",
                "url": "https://api.github.com/repos/reactphp/cache/zipball/437357102effb562b44dbc0ac4eb2c209c4f572b",
                "reference": "437357102effb562b44dbc0ac4eb2c209c4f572b",
                "shasum": ""
            },
            "require": {
                "php": ">=5.3.2",
                "react/promise": "~1.0"
            },
            "type": "library",
            "extra": {
                "branch-alias": {
                    "dev-master": "0.3-dev"
                }
            },
            "autoload": {
                "psr-0": {
                    "React\\Cache": ""
                }
            },
            "notification-url": "https://packagist.org/downloads/",
            "license": [
                "MIT"
            ],
            "description": "Async caching.",
            "keywords": [
                "cache"
            ],
            "time": "2013-04-24 08:33:43"
        },
        {
            "name": "react/dns",
            "version": "v0.3.2",
            "target-dir": "React/Dns",
            "source": {
                "type": "git",
                "url": "https://github.com/reactphp/dns.git",
                "reference": "518e12e12f0a86e63ba482ebd728408391cc883f"
            },
            "dist": {
                "type": "zip",
                "url": "https://api.github.com/repos/reactphp/dns/zipball/518e12e12f0a86e63ba482ebd728408391cc883f",
                "reference": "518e12e12f0a86e63ba482ebd728408391cc883f",
                "shasum": ""
            },
            "require": {
                "php": ">=5.3.2",
                "react/cache": "0.3.*",
                "react/promise": "~1.0",
                "react/socket": "0.3.*"
            },
            "type": "library",
            "extra": {
                "branch-alias": {
                    "dev-master": "0.3-dev"
                }
            },
            "autoload": {
                "psr-0": {
                    "React\\Dns": ""
                }
            },
            "notification-url": "https://packagist.org/downloads/",
            "license": [
                "MIT"
            ],
            "description": "Async DNS resolver.",
            "keywords": [
                "dns",
                "dns-resolver"
            ],
            "time": "2013-04-27 08:57:30"
        },
        {
            "name": "react/event-loop",
            "version": "v0.3.4",
            "target-dir": "React/EventLoop",
            "source": {
                "type": "git",
                "url": "https://github.com/reactphp/event-loop.git",
                "reference": "235cddfa999a392e7d63dc9bef2e042492608d9f"
            },
            "dist": {
                "type": "zip",
                "url": "https://api.github.com/repos/reactphp/event-loop/zipball/235cddfa999a392e7d63dc9bef2e042492608d9f",
                "reference": "235cddfa999a392e7d63dc9bef2e042492608d9f",
                "shasum": ""
            },
            "require": {
                "php": ">=5.3.3"
            },
            "suggest": {
                "ext-libev": "*",
                "ext-libevent": ">=0.0.5"
            },
            "type": "library",
            "extra": {
                "branch-alias": {
                    "dev-master": "0.3-dev"
                }
            },
            "autoload": {
                "psr-0": {
                    "React\\EventLoop": ""
                }
            },
            "notification-url": "https://packagist.org/downloads/",
            "license": [
                "MIT"
            ],
            "description": "Event loop abstraction layer that libraries can use for evented I/O.",
            "keywords": [
                "event-loop"
            ],
            "time": "2013-07-21 02:23:09"
        },
        {
            "name": "react/http-client",
            "version": "v0.3.1",
            "target-dir": "React/HttpClient",
            "source": {
                "type": "git",
                "url": "https://github.com/reactphp/http-client.git",
                "reference": "b5d272a01ff224034f1d28f008df7294d3e03c83"
            },
            "dist": {
                "type": "zip",
                "url": "https://api.github.com/repos/reactphp/http-client/zipball/b5d272a01ff224034f1d28f008df7294d3e03c83",
                "reference": "b5d272a01ff224034f1d28f008df7294d3e03c83",
                "shasum": ""
            },
            "require": {
                "guzzle/parser": "2.8.*",
                "php": ">=5.3.3",
                "react/dns": "0.3.*",
                "react/socket-client": "0.3.*"
            },
            "type": "library",
            "extra": {
                "branch-alias": {
                    "dev-master": "0.3-dev"
                }
            },
            "autoload": {
                "psr-0": {
                    "React\\HttpClient": ""
                }
            },
            "notification-url": "https://packagist.org/downloads/",
            "license": [
                "MIT"
            ],
            "description": "Asynchronous HTTP client library.",
            "keywords": [
                "http"
            ],
            "time": "2013-04-21 12:54:33"
        },
        {
            "name": "react/promise",
            "version": "v1.0.4",
            "source": {
                "type": "git",
                "url": "https://github.com/reactphp/promise.git",
                "reference": "d6de8cae1dbb4878d909c41cb89aff764504472c"
            },
            "dist": {
                "type": "zip",
                "url": "https://api.github.com/repos/reactphp/promise/zipball/d6de8cae1dbb4878d909c41cb89aff764504472c",
                "reference": "d6de8cae1dbb4878d909c41cb89aff764504472c",
                "shasum": ""
            },
            "require": {
                "php": ">=5.3.3"
            },
            "type": "library",
            "extra": {
                "branch-alias": {
                    "dev-master": "1.0-dev"
                }
            },
            "autoload": {
                "psr-0": {
                    "React\\Promise": "src/"
                }
            },
            "notification-url": "https://packagist.org/downloads/",
            "license": [
                "MIT"
            ],
            "authors": [
                {
                    "name": "Jan Sorgalla",
                    "email": "jsorgalla@googlemail.com",
                    "homepage": "http://sorgalla.com",
                    "role": "maintainer"
                }
            ],
            "description": "A lightweight implementation of CommonJS Promises/A for PHP",
            "time": "2013-04-03 14:05:55"
        },
        {
            "name": "react/socket",
            "version": "v0.3.4",
            "target-dir": "React/Socket",
            "source": {
                "type": "git",
                "url": "https://github.com/reactphp/socket.git",
                "reference": "19bc0c4309243717396022ffb2e59be1cc784327"
            },
            "dist": {
                "type": "zip",
                "url": "https://api.github.com/repos/reactphp/socket/zipball/19bc0c4309243717396022ffb2e59be1cc784327",
                "reference": "19bc0c4309243717396022ffb2e59be1cc784327",
                "shasum": ""
            },
            "require": {
                "evenement/evenement": "1.0.*",
                "php": ">=5.3.3",
                "react/event-loop": "0.3.*",
                "react/stream": "0.3.*"
            },
            "type": "library",
            "extra": {
                "branch-alias": {
                    "dev-master": "0.3-dev"
                }
            },
            "autoload": {
                "psr-0": {
                    "React\\Socket": ""
                }
            },
            "notification-url": "https://packagist.org/downloads/",
            "license": [
                "MIT"
            ],
            "description": "Library for building an evented socket server.",
            "keywords": [
                "Socket"
            ],
            "time": "2014-02-17 22:32:00"
        },
        {
            "name": "react/socket-client",
            "version": "v0.3.1",
            "target-dir": "React/SocketClient",
            "source": {
                "type": "git",
                "url": "https://github.com/reactphp/socket-client.git",
                "reference": "87935a0223362c36cd30cf215cbec33377d31ca4"
            },
            "dist": {
                "type": "zip",
                "url": "https://api.github.com/repos/reactphp/socket-client/zipball/87935a0223362c36cd30cf215cbec33377d31ca4",
                "reference": "87935a0223362c36cd30cf215cbec33377d31ca4",
                "shasum": ""
            },
            "require": {
                "php": ">=5.3.3",
                "react/dns": "0.3.*",
                "react/event-loop": "0.3.*",
                "react/promise": "~1.0"
            },
            "type": "library",
            "extra": {
                "branch-alias": {
                    "dev-master": "0.3-dev"
                }
            },
            "autoload": {
                "psr-0": {
                    "React\\SocketClient": ""
                }
            },
            "notification-url": "https://packagist.org/downloads/",
            "license": [
                "MIT"
            ],
            "description": "Async connector to open TCP/IP and SSL/TLS based connections.",
            "keywords": [
                "Socket"
            ],
            "time": "2013-04-20 14:55:59"
        },
        {
            "name": "react/stream",
            "version": "v0.3.4",
            "target-dir": "React/Stream",
            "source": {
                "type": "git",
                "url": "https://github.com/reactphp/stream.git",
                "reference": "feef56628afe3fa861f0da5f92c909e029efceac"
            },
            "dist": {
                "type": "zip",
                "url": "https://api.github.com/repos/reactphp/stream/zipball/feef56628afe3fa861f0da5f92c909e029efceac",
                "reference": "feef56628afe3fa861f0da5f92c909e029efceac",
                "shasum": ""
            },
            "require": {
                "evenement/evenement": "1.0.*",
                "php": ">=5.3.3"
            },
            "suggest": {
                "react/event-loop": "0.3.*",
                "react/promise": "~1.0"
            },
            "type": "library",
            "extra": {
                "branch-alias": {
                    "dev-master": "0.3-dev"
                }
            },
            "autoload": {
                "psr-0": {
                    "React\\Stream": ""
                }
            },
            "notification-url": "https://packagist.org/downloads/",
            "license": [
                "MIT"
            ],
            "description": "Basic readable and writable stream interfaces that support piping.",
            "keywords": [
                "pipe",
                "stream"
            ],
            "time": "2014-02-16 19:48:52"
        }
    ],
    "packages-dev": [],
    "aliases": [],
    "minimum-stability": "stable",
    "stability-flags": [],
    "prefer-stable": false,
    "platform": [],
    "platform-dev": []
}
