{
    "_readme": [
        "This file locks the dependencies of your project to a known state",
        "Read more about it at https://getcomposer.org/doc/01-basic-usage.md#composer-lock-the-lock-file",
        "This file is @generated automatically"
    ],
    "hash": "03014b2d28812672402986b188b6a17b",
    "content-hash": "bff2d4c7ede7c0b40374d082640c2c84",
    "packages": [
        {
            "name": "clue/buzz-react",
            "version": "v0.5.0",
            "source": {
                "type": "git",
                "url": "https://github.com/clue/php-buzz-react.git",
                "reference": "ae65feb2d15a9b0632b2b816c9037a6f6300f528"
            },
            "dist": {
                "type": "zip",
                "url": "https://api.github.com/repos/clue/php-buzz-react/zipball/ae65feb2d15a9b0632b2b816c9037a6f6300f528",
                "reference": "ae65feb2d15a9b0632b2b816c9037a6f6300f528",
                "shasum": ""
            },
            "require": {
                "php": ">=5.3",
                "psr/http-message": "~1.0",
                "react/dns": "0.3.*|0.4.*",
                "react/event-loop": "0.3.*|0.4.*",
                "react/http-client": "0.3.*|0.4.*",
                "react/promise": "^2 || ^1.1",
                "react/socket-client": "^0.5 || ^0.4 || ^0.3",
                "ringcentral/psr7": "~1.2"
            },
            "require-dev": {
                "clue/block-react": "~1.0"
            },
            "type": "library",
            "autoload": {
                "psr-4": {
                    "Clue\\React\\Buzz\\": "src/"
                }
            },
            "notification-url": "https://packagist.org/downloads/",
            "license": [
                "MIT"
            ],
            "authors": [
                {
                    "name": "Christian Lück",
                    "email": "christian@lueck.tv"
                }
            ],
            "description": "Simple, async HTTP client for concurrently processing any number of HTTP requests, built on top of React PHP",
            "homepage": "https://github.com/clue/php-buzz-react",
            "keywords": [
                "async",
                "http",
                "http client",
                "reactphp"
            ],
            "time": "2016-04-02 00:41:43"
        },
        {
            "name": "clue/socks-react",
            "version": "v0.4.0",
            "source": {
                "type": "git",
                "url": "https://github.com/clue/php-socks-react.git",
                "reference": "ad36da8c0a59493842023a55b54cbf0f7f204085"
            },
            "dist": {
                "type": "zip",
                "url": "https://api.github.com/repos/clue/php-socks-react/zipball/ad36da8c0a59493842023a55b54cbf0f7f204085",
                "reference": "ad36da8c0a59493842023a55b54cbf0f7f204085",
                "shasum": ""
            },
            "require": {
                "evenement/evenement": "~1.0|~2.0",
                "php": ">=5.3",
                "react/dns": "0.3.*|0.4.*",
                "react/event-loop": "0.3.*|0.4.*",
                "react/promise": "~1.0|~2.0",
                "react/socket": "0.3.*|0.4.*",
                "react/socket-client": "^0.5",
                "react/stream": "0.3.*|0.4.*"
            },
            "type": "library",
            "autoload": {
                "psr-4": {
                    "Clue\\React\\Socks\\": "src"
                }
            },
            "notification-url": "https://packagist.org/downloads/",
            "license": [
                "MIT"
            ],
            "authors": [
                {
                    "name": "Christian Lück",
                    "email": "christian@lueck.tv"
                }
            ],
            "description": "Async SOCKS proxy client and server (SOCKS4, SOCKS4a and SOCKS5)",
            "homepage": "https://github.com/clue/php-socks-react",
            "keywords": [
                "async",
                "react",
                "socks client",
                "socks protocol",
                "socks server",
                "tcp tunnel"
            ],
            "time": "2016-03-19 16:55:13"
        },
        {
            "name": "evenement/evenement",
            "version": "v2.0.0",
            "source": {
                "type": "git",
                "url": "https://github.com/igorw/evenement.git",
                "reference": "f6e843799fd4f4184d54d8fc7b5b3551c9fa803e"
            },
            "dist": {
                "type": "zip",
                "url": "https://api.github.com/repos/igorw/evenement/zipball/f6e843799fd4f4184d54d8fc7b5b3551c9fa803e",
                "reference": "f6e843799fd4f4184d54d8fc7b5b3551c9fa803e",
                "shasum": ""
            },
            "require": {
                "php": ">=5.4.0"
            },
            "type": "library",
            "extra": {
                "branch-alias": {
                    "dev-master": "2.0-dev"
                }
            },
            "autoload": {
                "psr-0": {
                    "Evenement": "src"
                }
            },
            "notification-url": "https://packagist.org/downloads/",
            "license": [
                "MIT"
            ],
            "authors": [
                {
                    "name": "Igor Wiedler",
                    "email": "igor@wiedler.ch",
                    "homepage": "http://wiedler.ch/igor/"
                }
            ],
            "description": "Événement is a very simple event dispatching library for PHP",
            "keywords": [
                "event-dispatcher",
                "event-emitter"
            ],
            "time": "2012-11-02 14:49:47"
        },
        {
            "name": "guzzlehttp/psr7",
            "version": "1.2.3",
            "source": {
                "type": "git",
                "url": "https://github.com/guzzle/psr7.git",
                "reference": "2e89629ff057ebb49492ba08e6995d3a6a80021b"
            },
            "dist": {
                "type": "zip",
                "url": "https://api.github.com/repos/guzzle/psr7/zipball/2e89629ff057ebb49492ba08e6995d3a6a80021b",
                "reference": "2e89629ff057ebb49492ba08e6995d3a6a80021b",
                "shasum": ""
            },
            "require": {
                "php": ">=5.4.0",
                "psr/http-message": "~1.0"
            },
            "provide": {
                "psr/http-message-implementation": "1.0"
            },
            "require-dev": {
                "phpunit/phpunit": "~4.0"
            },
            "type": "library",
            "extra": {
                "branch-alias": {
                    "dev-master": "1.0-dev"
                }
            },
            "autoload": {
                "psr-4": {
                    "GuzzleHttp\\Psr7\\": "src/"
                },
                "files": [
                    "src/functions_include.php"
                ]
            },
            "notification-url": "https://packagist.org/downloads/",
            "license": [
                "MIT"
            ],
            "authors": [
                {
                    "name": "Michael Dowling",
                    "email": "mtdowling@gmail.com",
                    "homepage": "https://github.com/mtdowling"
                }
            ],
            "description": "PSR-7 message implementation",
            "keywords": [
                "http",
                "message",
                "stream",
                "uri"
            ],
            "time": "2016-02-18 21:54:00"
        },
        {
            "name": "psr/http-message",
            "version": "1.0",
            "source": {
                "type": "git",
                "url": "https://github.com/php-fig/http-message.git",
                "reference": "85d63699f0dbedb190bbd4b0d2b9dc707ea4c298"
            },
            "dist": {
                "type": "zip",
                "url": "https://api.github.com/repos/php-fig/http-message/zipball/85d63699f0dbedb190bbd4b0d2b9dc707ea4c298",
                "reference": "85d63699f0dbedb190bbd4b0d2b9dc707ea4c298",
                "shasum": ""
            },
            "require": {
                "php": ">=5.3.0"
            },
            "type": "library",
            "extra": {
                "branch-alias": {
                    "dev-master": "1.0.x-dev"
                }
            },
            "autoload": {
                "psr-4": {
                    "Psr\\Http\\Message\\": "src/"
                }
            },
            "notification-url": "https://packagist.org/downloads/",
            "license": [
                "MIT"
            ],
            "authors": [
                {
                    "name": "PHP-FIG",
                    "homepage": "http://www.php-fig.org/"
                }
            ],
            "description": "Common interface for HTTP messages",
            "keywords": [
                "http",
                "http-message",
                "psr",
                "psr-7",
                "request",
                "response"
            ],
            "time": "2015-05-04 20:22:00"
        },
        {
            "name": "react/cache",
            "version": "v0.4.1",
            "source": {
                "type": "git",
                "url": "https://github.com/reactphp/cache.git",
                "reference": "558f614891341b1d817a8cdf9a358948ec49638f"
            },
            "dist": {
                "type": "zip",
                "url": "https://api.github.com/repos/reactphp/cache/zipball/558f614891341b1d817a8cdf9a358948ec49638f",
                "reference": "558f614891341b1d817a8cdf9a358948ec49638f",
                "shasum": ""
            },
            "require": {
                "php": ">=5.3.0",
                "react/promise": "~2.0|~1.1"
            },
            "type": "library",
            "autoload": {
                "psr-4": {
                    "React\\Cache\\": "src\\"
                }
            },
            "notification-url": "https://packagist.org/downloads/",
            "license": [
                "MIT"
            ],
            "description": "Async caching.",
            "keywords": [
                "cache"
            ],
            "time": "2016-02-25 18:17:16"
        },
        {
            "name": "react/dns",
            "version": "v0.4.2",
            "source": {
                "type": "git",
                "url": "https://github.com/reactphp/dns.git",
                "reference": "62f6201e487df8add209cc42f05ffca33ee1ba05"
            },
            "dist": {
                "type": "zip",
                "url": "https://api.github.com/repos/reactphp/dns/zipball/62f6201e487df8add209cc42f05ffca33ee1ba05",
                "reference": "62f6201e487df8add209cc42f05ffca33ee1ba05",
                "shasum": ""
            },
            "require": {
                "php": ">=5.3.0",
                "react/cache": "~0.4.0|~0.3.0",
                "react/promise": "~2.0|~1.1",
                "react/socket": "~0.4.0|~0.3.0"
            },
            "type": "library",
            "extra": {
                "branch-alias": {
                    "dev-master": "0.4-dev"
                }
            },
            "autoload": {
                "psr-4": {
                    "React\\Dns\\": "src"
                }
            },
            "notification-url": "https://packagist.org/downloads/",
            "license": [
                "MIT"
            ],
            "description": "Async DNS resolver.",
            "keywords": [
                "dns",
                "dns-resolver"
            ],
            "time": "2016-02-24 23:45:36"
        },
        {
            "name": "react/event-loop",
            "version": "v0.4.2",
            "source": {
                "type": "git",
                "url": "https://github.com/reactphp/event-loop.git",
                "reference": "164799f73175e1c80bba92a220ea35df6ca371dd"
            },
            "dist": {
                "type": "zip",
                "url": "https://api.github.com/repos/reactphp/event-loop/zipball/164799f73175e1c80bba92a220ea35df6ca371dd",
                "reference": "164799f73175e1c80bba92a220ea35df6ca371dd",
                "shasum": ""
            },
            "require": {
                "php": ">=5.4.0"
            },
            "suggest": {
                "ext-event": "~1.0",
                "ext-libev": "*",
                "ext-libevent": ">=0.1.0"
            },
            "type": "library",
            "extra": {
                "branch-alias": {
                    "dev-master": "0.5-dev"
                }
            },
            "autoload": {
                "psr-4": {
                    "React\\EventLoop\\": "src"
                }
            },
            "notification-url": "https://packagist.org/downloads/",
            "license": [
                "MIT"
            ],
            "description": "Event loop abstraction layer that libraries can use for evented I/O.",
            "keywords": [
                "asynchronous",
                "event-loop"
            ],
            "time": "2016-03-08 02:09:32"
        },
        {
            "name": "react/http-client",
            "version": "v0.4.10",
            "source": {
                "type": "git",
                "url": "https://github.com/reactphp/http-client.git",
                "reference": "1a37937274cc7bf7ef194381c83f5a4ad5253575"
            },
            "dist": {
                "type": "zip",
                "url": "https://api.github.com/repos/reactphp/http-client/zipball/1a37937274cc7bf7ef194381c83f5a4ad5253575",
                "reference": "1a37937274cc7bf7ef194381c83f5a4ad5253575",
                "shasum": ""
            },
            "require": {
                "evenement/evenement": "~2.0",
                "guzzlehttp/psr7": "^1.0",
                "php": ">=5.4.0",
                "react/dns": "0.4.*",
                "react/event-loop": "0.4.*",
                "react/promise": "~2.2",
                "react/socket-client": "^0.5 || ^0.4 || ^0.3",
                "react/stream": "0.4.*"
            },
            "type": "library",
            "extra": {
                "branch-alias": {
                    "dev-master": "0.5-dev"
                }
            },
            "autoload": {
                "psr-4": {
                    "React\\HttpClient\\": "src"
                }
            },
            "notification-url": "https://packagist.org/downloads/",
            "license": [
                "MIT"
            ],
            "description": "Asynchronous HTTP client library.",
            "keywords": [
                "http"
            ],
            "time": "2016-03-21 14:01:16"
        },
        {
            "name": "react/promise",
            "version": "v2.4.0",
            "source": {
                "type": "git",
                "url": "https://github.com/reactphp/promise.git",
                "reference": "f942da7b505d1a294284ab343d05df42d02ad6d9"
            },
            "dist": {
                "type": "zip",
                "url": "https://api.github.com/repos/reactphp/promise/zipball/f942da7b505d1a294284ab343d05df42d02ad6d9",
                "reference": "f942da7b505d1a294284ab343d05df42d02ad6d9",
                "shasum": ""
            },
            "require": {
                "php": ">=5.4.0"
            },
            "type": "library",
            "extra": {
                "branch-alias": {
                    "dev-master": "2.0-dev"
                }
            },
            "autoload": {
                "psr-4": {
                    "React\\Promise\\": "src/"
                },
                "files": [
                    "src/functions_include.php"
                ]
            },
            "notification-url": "https://packagist.org/downloads/",
            "license": [
                "MIT"
            ],
            "authors": [
                {
                    "name": "Jan Sorgalla",
                    "email": "jsorgalla@gmail.com"
                }
            ],
            "description": "A lightweight implementation of CommonJS Promises/A for PHP",
            "time": "2016-03-31 13:10:33"
        },
        {
            "name": "react/socket",
            "version": "v0.4.3",
            "source": {
                "type": "git",
                "url": "https://github.com/reactphp/socket.git",
                "reference": "ce015ec5879b96f5d30905f035f223aa85013fcc"
            },
            "dist": {
                "type": "zip",
                "url": "https://api.github.com/repos/reactphp/socket/zipball/ce015ec5879b96f5d30905f035f223aa85013fcc",
                "reference": "ce015ec5879b96f5d30905f035f223aa85013fcc",
                "shasum": ""
            },
            "require": {
                "evenement/evenement": "~2.0|~1.0",
                "php": ">=5.3.0",
                "react/event-loop": "0.4.*|0.3.*",
                "react/stream": "0.4.*|0.3.*"
            },
            "type": "library",
            "extra": {
                "branch-alias": {
                    "dev-master": "0.4-dev"
                }
            },
            "autoload": {
                "psr-4": {
                    "React\\Socket\\": "src"
                }
            },
            "notification-url": "https://packagist.org/downloads/",
            "license": [
                "MIT"
            ],
            "description": "Library for building an evented socket server.",
            "keywords": [
                "Socket"
            ],
            "time": "2016-03-01 20:10:35"
        },
        {
            "name": "react/socket-client",
            "version": "v0.5.0",
            "source": {
                "type": "git",
                "url": "https://github.com/reactphp/socket-client.git",
                "reference": "4ed32f2ce1e732586783c7ebd10b7d75386f2588"
            },
            "dist": {
                "type": "zip",
                "url": "https://api.github.com/repos/reactphp/socket-client/zipball/4ed32f2ce1e732586783c7ebd10b7d75386f2588",
                "reference": "4ed32f2ce1e732586783c7ebd10b7d75386f2588",
                "shasum": ""
            },
            "require": {
                "php": ">=5.3.0",
                "react/dns": "0.4.*|0.3.*",
                "react/event-loop": "0.4.*|0.3.*",
                "react/promise": "~2.0|~1.1",
                "react/stream": "0.4.*|0.3.*"
            },
            "require-dev": {
                "clue/block-react": "~1.0"
            },
            "type": "library",
            "autoload": {
                "psr-4": {
                    "React\\SocketClient\\": "src"
                }
            },
            "notification-url": "https://packagist.org/downloads/",
            "license": [
                "MIT"
            ],
            "description": "Async connector to open TCP/IP and SSL/TLS based connections.",
            "keywords": [
                "Socket"
            ],
            "time": "2016-03-19 13:11:48"
        },
        {
            "name": "react/stream",
            "version": "v0.4.3",
            "source": {
                "type": "git",
                "url": "https://github.com/reactphp/stream.git",
                "reference": "305b2328d2a2e157bc13b61a0f5c6e41b666b188"
            },
            "dist": {
                "type": "zip",
                "url": "https://api.github.com/repos/reactphp/stream/zipball/305b2328d2a2e157bc13b61a0f5c6e41b666b188",
                "reference": "305b2328d2a2e157bc13b61a0f5c6e41b666b188",
                "shasum": ""
            },
            "require": {
                "evenement/evenement": "^2.0|^1.0",
                "php": ">=5.3.8"
            },
            "require-dev": {
                "react/event-loop": "^0.4|^0.3",
                "react/promise": "^2.0|^1.0"
            },
            "suggest": {
                "react/event-loop": "^0.4",
                "react/promise": "^2.0"
            },
            "type": "library",
            "extra": {
                "branch-alias": {
                    "dev-master": "0.5-dev"
                }
            },
            "autoload": {
                "psr-4": {
                    "React\\Stream\\": "src"
                }
            },
            "notification-url": "https://packagist.org/downloads/",
            "license": [
                "MIT"
            ],
            "description": "Basic readable and writable stream interfaces that support piping.",
            "keywords": [
                "pipe",
                "stream"
            ],
            "time": "2015-10-07 18:32:58"
        },
        {
            "name": "ringcentral/psr7",
            "version": "1.2.1",
            "source": {
                "type": "git",
                "url": "https://github.com/ringcentral/psr7.git",
                "reference": "2594fb47cdc659f3fcf0aa1559b7355460555303"
            },
            "dist": {
                "type": "zip",
                "url": "https://api.github.com/repos/ringcentral/psr7/zipball/2594fb47cdc659f3fcf0aa1559b7355460555303",
                "reference": "2594fb47cdc659f3fcf0aa1559b7355460555303",
                "shasum": ""
            },
            "require": {
                "php": ">=5.3",
                "psr/http-message": "~1.0"
            },
            "provide": {
                "psr/http-message-implementation": "1.0"
            },
            "require-dev": {
                "phpunit/phpunit": "~4.0"
            },
            "type": "library",
            "extra": {
                "branch-alias": {
                    "dev-master": "1.0-dev"
                }
            },
            "autoload": {
                "psr-4": {
                    "RingCentral\\Psr7\\": "src/"
                },
                "files": [
                    "src/functions_include.php"
                ]
            },
            "notification-url": "https://packagist.org/downloads/",
            "license": [
                "MIT"
            ],
            "authors": [
                {
                    "name": "Michael Dowling",
                    "email": "mtdowling@gmail.com",
                    "homepage": "https://github.com/mtdowling"
                }
            ],
            "description": "PSR-7 message implementation",
            "keywords": [
                "http",
                "message",
                "stream",
                "uri"
            ],
            "time": "2016-03-25 17:36:49"
        }
    ],
    "packages-dev": [],
    "aliases": [],
    "minimum-stability": "stable",
    "stability-flags": [],
    "prefer-stable": false,
    "prefer-lowest": false,
    "platform": [],
    "platform-dev": []
}
